
Microsoft Visual Studio Solution File, Format Version 12.00
# Visual Studio Version 16
VisualStudioVersion = 16.0.30611.23
MinimumVisualStudioVersion = 10.0.40219.1
Project("{FAE04EC0-301F-11D3-BF4B-00C04F79EFBC}") = "MovieAPI", "MovieAPI\MovieAPI.csproj", "{EBB83BAA-6599-4CE1-BD32-E82767BE9805}"
EndProject
Global
	GlobalSection(SolutionConfigurationPlatforms) = preSolution
		Debug|Any CPU = Debug|Any CPU
		Release|Any CPU = Release|Any CPU
	EndGlobalSection
	GlobalSection(ProjectConfigurationPlatforms) = postSolution
		{EBB83BAA-6599-4CE1-BD32-E82767BE9805}.Debug|Any CPU.ActiveCfg = Debug|Any CPU
		{EBB83BAA-6599-4CE1-BD32-E82767BE9805}.Debug|Any CPU.Build.0 = Debug|Any CPU
		{EBB83BAA-6599-4CE1-BD32-E82767BE9805}.Release|Any CPU.ActiveCfg = Release|Any CPU
		{EBB83BAA-6599-4CE1-BD32-E82767BE9805}.Release|Any CPU.Build.0 = Release|Any CPU
	EndGlobalSection
	GlobalSection(SolutionProperties) = preSolution
		HideSolutionNode = FALSE
	EndGlobalSection
	GlobalSection(ExtensibilityGlobals) = postSolution
		SolutionGuid = {2D69DB7E-45A6-4ACD-B120-BE8A7A366AB2}
	EndGlobalSection
EndGlobal
